// !$*UTF8*$!
{
	archiveVersion = 1;
	classes = {
	};
	objectVersion = 56;
	objects = {

/* Begin PBXBuildFile section */
		96615A782938F0D500BBA1A9 /* SideBarView.swift in Sources */ = {isa = PBXBuildFile; fileRef = 96615A772938F0D500BBA1A9 /* SideBarView.swift */; };
		96615A7A2938F34C00BBA1A9 /* DetailView.swift in Sources */ = {isa = PBXBuildFile; fileRef = 96615A792938F34C00BBA1A9 /* DetailView.swift */; };
		96615A7C2938F40000BBA1A9 /* ContentView.swift in Sources */ = {isa = PBXBuildFile; fileRef = 96615A7B2938F40000BBA1A9 /* ContentView.swift */; };
		96615A7E293903C700BBA1A9 /* BalanceView.swift in Sources */ = {isa = PBXBuildFile; fileRef = 96615A7D293903C700BBA1A9 /* BalanceView.swift */; };
		96615A802939044000BBA1A9 /* BalanceItemView.swift in Sources */ = {isa = PBXBuildFile; fileRef = 96615A7F2939044000BBA1A9 /* BalanceItemView.swift */; };
		96615A85293C6F3800BBA1A9 /* TransactionDetailSheetView.swift in Sources */ = {isa = PBXBuildFile; fileRef = 96615A84293C6F3800BBA1A9 /* TransactionDetailSheetView.swift */; };
		966611A1291A537400A1E7D9 /* iBankApp.swift in Sources */ = {isa = PBXBuildFile; fileRef = 966611A0291A537400A1E7D9 /* iBankApp.swift */; };
		966611A3291A537400A1E7D9 /* MainView.swift in Sources */ = {isa = PBXBuildFile; fileRef = 966611A2291A537400A1E7D9 /* MainView.swift */; };
		966611A5291A537500A1E7D9 /* Assets.xcassets in Resources */ = {isa = PBXBuildFile; fileRef = 966611A4291A537500A1E7D9 /* Assets.xcassets */; };
		966611A8291A537500A1E7D9 /* Preview Assets.xcassets in Resources */ = {isa = PBXBuildFile; fileRef = 966611A7291A537500A1E7D9 /* Preview Assets.xcassets */; };
		966611AD291A537500A1E7D9 /* iBank.xcdatamodeld in Sources */ = {isa = PBXBuildFile; fileRef = 966611AB291A537500A1E7D9 /* iBank.xcdatamodeld */; };
		966611B5291A5A1D00A1E7D9 /* DataController.swift in Sources */ = {isa = PBXBuildFile; fileRef = 966611B4291A5A1D00A1E7D9 /* DataController.swift */; };
		966611B7291A5A5200A1E7D9 /* AccountListingView.swift in Sources */ = {isa = PBXBuildFile; fileRef = 966611B6291A5A5100A1E7D9 /* AccountListingView.swift */; };
		966611B9291A5A6200A1E7D9 /* Account-CoreDataHelpers.swift in Sources */ = {isa = PBXBuildFile; fileRef = 966611B8291A5A6200A1E7D9 /* Account-CoreDataHelpers.swift */; };
		966611BB291A5AF400A1E7D9 /* AccountDetailView.swift in Sources */ = {isa = PBXBuildFile; fileRef = 966611BA291A5AF400A1E7D9 /* AccountDetailView.swift */; };
		966611BD291A799C00A1E7D9 /* Category-CoreDataHelpers.swift in Sources */ = {isa = PBXBuildFile; fileRef = 966611BC291A799C00A1E7D9 /* Category-CoreDataHelpers.swift */; };
		966611BF291ABCDA00A1E7D9 /* CategoryListingView.swift in Sources */ = {isa = PBXBuildFile; fileRef = 966611BE291ABCDA00A1E7D9 /* CategoryListingView.swift */; };
		966611C1291AC3CD00A1E7D9 /* Third-CoreDataHelpers.swift in Sources */ = {isa = PBXBuildFile; fileRef = 966611C0291AC3CD00A1E7D9 /* Third-CoreDataHelpers.swift */; };
		966611C3291AC3E100A1E7D9 /* Project-CoreDataHelper.swift in Sources */ = {isa = PBXBuildFile; fileRef = 966611C2291AC3E100A1E7D9 /* Project-CoreDataHelper.swift */; };
		966611C5291AC44600A1E7D9 /* ThirdListingView.swift in Sources */ = {isa = PBXBuildFile; fileRef = 966611C4291AC44600A1E7D9 /* ThirdListingView.swift */; };
		966611C7291AC45400A1E7D9 /* ProjectListingView.swift in Sources */ = {isa = PBXBuildFile; fileRef = 966611C6291AC45400A1E7D9 /* ProjectListingView.swift */; };
		966611C9291AC60100A1E7D9 /* CategoryDetailView.swift in Sources */ = {isa = PBXBuildFile; fileRef = 966611C8291AC60100A1E7D9 /* CategoryDetailView.swift */; };
		966611CB291AC71100A1E7D9 /* ThirdDetailView.swift in Sources */ = {isa = PBXBuildFile; fileRef = 966611CA291AC71100A1E7D9 /* ThirdDetailView.swift */; };
		966611CD291AC7BF00A1E7D9 /* ProjectDetailView.swift in Sources */ = {isa = PBXBuildFile; fileRef = 966611CC291AC7BF00A1E7D9 /* ProjectDetailView.swift */; };
		96679D80291D115C005DC61A /* Transaction-CoreDataHelper.swift in Sources */ = {isa = PBXBuildFile; fileRef = 96679D7F291D115C005DC61A /* Transaction-CoreDataHelper.swift */; };
		96A26F82291D3BCC00943F12 /* AccountTransactionsListingView.swift in Sources */ = {isa = PBXBuildFile; fileRef = 96A26F81291D3BCC00943F12 /* AccountTransactionsListingView.swift */; };
		96C62D58292B55CF001578D2 /* ColorToHexString-Extension.swift in Sources */ = {isa = PBXBuildFile; fileRef = 96C62D57292B55CF001578D2 /* ColorToHexString-Extension.swift */; };
		96C62D7B292B7E14001578D2 /* Constants.swift in Sources */ = {isa = PBXBuildFile; fileRef = 96C62D7A292B7E14001578D2 /* Constants.swift */; };
		96C62D7D292B9384001578D2 /* TransactionDetailView.swift in Sources */ = {isa = PBXBuildFile; fileRef = 96C62D7C292B9384001578D2 /* TransactionDetailView.swift */; };
		96CE3A26292B4A0400A9E459 /* ColorFromHex-Extension.swift in Sources */ = {isa = PBXBuildFile; fileRef = 96CE3A25292B4A0400A9E459 /* ColorFromHex-Extension.swift */; };
		96FA85AA292BCA8A00C0A72F /* Localizable.strings in Resources */ = {isa = PBXBuildFile; fileRef = 96FA85AC292BCA8A00C0A72F /* Localizable.strings */; };
		96FA85AF292BD8EE00C0A72F /* TransactionStatus.swift in Sources */ = {isa = PBXBuildFile; fileRef = 96FA85AE292BD8EE00C0A72F /* TransactionStatus.swift */; };
/* End PBXBuildFile section */

/* Begin PBXFileReference section */
		96615A772938F0D500BBA1A9 /* SideBarView.swift */ = {isa = PBXFileReference; lastKnownFileType = sourcecode.swift; path = SideBarView.swift; sourceTree = "<group>"; };
		96615A792938F34C00BBA1A9 /* DetailView.swift */ = {isa = PBXFileReference; lastKnownFileType = sourcecode.swift; path = DetailView.swift; sourceTree = "<group>"; };
		96615A7B2938F40000BBA1A9 /* ContentView.swift */ = {isa = PBXFileReference; lastKnownFileType = sourcecode.swift; path = ContentView.swift; sourceTree = "<group>"; };
		96615A7D293903C700BBA1A9 /* BalanceView.swift */ = {isa = PBXFileReference; lastKnownFileType = sourcecode.swift; path = BalanceView.swift; sourceTree = "<group>"; };
		96615A7F2939044000BBA1A9 /* BalanceItemView.swift */ = {isa = PBXFileReference; lastKnownFileType = sourcecode.swift; path = BalanceItemView.swift; sourceTree = "<group>"; };
		96615A84293C6F3800BBA1A9 /* TransactionDetailSheetView.swift */ = {isa = PBXFileReference; lastKnownFileType = sourcecode.swift; path = TransactionDetailSheetView.swift; sourceTree = "<group>"; };
		9666119D291A537400A1E7D9 /* iBank.app */ = {isa = PBXFileReference; explicitFileType = wrapper.application; includeInIndex = 0; path = iBank.app; sourceTree = BUILT_PRODUCTS_DIR; };
		966611A0291A537400A1E7D9 /* iBankApp.swift */ = {isa = PBXFileReference; lastKnownFileType = sourcecode.swift; path = iBankApp.swift; sourceTree = "<group>"; };
		966611A2291A537400A1E7D9 /* MainView.swift */ = {isa = PBXFileReference; lastKnownFileType = sourcecode.swift; path = MainView.swift; sourceTree = "<group>"; };
		966611A4291A537500A1E7D9 /* Assets.xcassets */ = {isa = PBXFileReference; lastKnownFileType = folder.assetcatalog; path = Assets.xcassets; sourceTree = "<group>"; };
		966611A7291A537500A1E7D9 /* Preview Assets.xcassets */ = {isa = PBXFileReference; lastKnownFileType = folder.assetcatalog; path = "Preview Assets.xcassets"; sourceTree = "<group>"; };
		966611AC291A537500A1E7D9 /* iBank.xcdatamodel */ = {isa = PBXFileReference; lastKnownFileType = wrapper.xcdatamodel; path = iBank.xcdatamodel; sourceTree = "<group>"; };
		966611AE291A537500A1E7D9 /* iBank.entitlements */ = {isa = PBXFileReference; lastKnownFileType = text.plist.entitlements; path = iBank.entitlements; sourceTree = "<group>"; };
		966611B4291A5A1D00A1E7D9 /* DataController.swift */ = {isa = PBXFileReference; fileEncoding = 4; lastKnownFileType = sourcecode.swift; path = DataController.swift; sourceTree = "<group>"; };
		966611B6291A5A5100A1E7D9 /* AccountListingView.swift */ = {isa = PBXFileReference; fileEncoding = 4; lastKnownFileType = sourcecode.swift; path = AccountListingView.swift; sourceTree = "<group>"; };
		966611B8291A5A6200A1E7D9 /* Account-CoreDataHelpers.swift */ = {isa = PBXFileReference; fileEncoding = 4; lastKnownFileType = sourcecode.swift; path = "Account-CoreDataHelpers.swift"; sourceTree = "<group>"; };
		966611BA291A5AF400A1E7D9 /* AccountDetailView.swift */ = {isa = PBXFileReference; fileEncoding = 4; lastKnownFileType = sourcecode.swift; path = AccountDetailView.swift; sourceTree = "<group>"; };
		966611BC291A799C00A1E7D9 /* Category-CoreDataHelpers.swift */ = {isa = PBXFileReference; lastKnownFileType = sourcecode.swift; path = "Category-CoreDataHelpers.swift"; sourceTree = "<group>"; };
		966611BE291ABCDA00A1E7D9 /* CategoryListingView.swift */ = {isa = PBXFileReference; lastKnownFileType = sourcecode.swift; path = CategoryListingView.swift; sourceTree = "<group>"; };
		966611C0291AC3CD00A1E7D9 /* Third-CoreDataHelpers.swift */ = {isa = PBXFileReference; lastKnownFileType = sourcecode.swift; path = "Third-CoreDataHelpers.swift"; sourceTree = "<group>"; };
		966611C2291AC3E100A1E7D9 /* Project-CoreDataHelper.swift */ = {isa = PBXFileReference; lastKnownFileType = sourcecode.swift; path = "Project-CoreDataHelper.swift"; sourceTree = "<group>"; };
		966611C4291AC44600A1E7D9 /* ThirdListingView.swift */ = {isa = PBXFileReference; lastKnownFileType = sourcecode.swift; path = ThirdListingView.swift; sourceTree = "<group>"; };
		966611C6291AC45400A1E7D9 /* ProjectListingView.swift */ = {isa = PBXFileReference; lastKnownFileType = sourcecode.swift; path = ProjectListingView.swift; sourceTree = "<group>"; };
		966611C8291AC60100A1E7D9 /* CategoryDetailView.swift */ = {isa = PBXFileReference; lastKnownFileType = sourcecode.swift; path = CategoryDetailView.swift; sourceTree = "<group>"; };
		966611CA291AC71100A1E7D9 /* ThirdDetailView.swift */ = {isa = PBXFileReference; lastKnownFileType = sourcecode.swift; path = ThirdDetailView.swift; sourceTree = "<group>"; };
		966611CC291AC7BF00A1E7D9 /* ProjectDetailView.swift */ = {isa = PBXFileReference; lastKnownFileType = sourcecode.swift; path = ProjectDetailView.swift; sourceTree = "<group>"; };
		96679D7F291D115C005DC61A /* Transaction-CoreDataHelper.swift */ = {isa = PBXFileReference; lastKnownFileType = sourcecode.swift; path = "Transaction-CoreDataHelper.swift"; sourceTree = "<group>"; };
		96A26F81291D3BCC00943F12 /* AccountTransactionsListingView.swift */ = {isa = PBXFileReference; lastKnownFileType = sourcecode.swift; path = AccountTransactionsListingView.swift; sourceTree = "<group>"; };
		96C62D57292B55CF001578D2 /* ColorToHexString-Extension.swift */ = {isa = PBXFileReference; lastKnownFileType = sourcecode.swift; path = "ColorToHexString-Extension.swift"; sourceTree = "<group>"; };
		96C62D7A292B7E14001578D2 /* Constants.swift */ = {isa = PBXFileReference; lastKnownFileType = sourcecode.swift; path = Constants.swift; sourceTree = "<group>"; };
		96C62D7C292B9384001578D2 /* TransactionDetailView.swift */ = {isa = PBXFileReference; lastKnownFileType = sourcecode.swift; path = TransactionDetailView.swift; sourceTree = "<group>"; };
		96CE3A25292B4A0400A9E459 /* ColorFromHex-Extension.swift */ = {isa = PBXFileReference; lastKnownFileType = sourcecode.swift; path = "ColorFromHex-Extension.swift"; sourceTree = "<group>"; };
		96FA85AB292BCA8A00C0A72F /* en */ = {isa = PBXFileReference; lastKnownFileType = text.plist.strings; name = en; path = en.lproj/Localizable.strings; sourceTree = "<group>"; };
		96FA85AD292BCA9F00C0A72F /* fr */ = {isa = PBXFileReference; lastKnownFileType = text.plist.strings; name = fr; path = fr.lproj/Localizable.strings; sourceTree = "<group>"; };
		96FA85AE292BD8EE00C0A72F /* TransactionStatus.swift */ = {isa = PBXFileReference; lastKnownFileType = sourcecode.swift; path = TransactionStatus.swift; sourceTree = "<group>"; };
/* End PBXFileReference section */

/* Begin PBXFrameworksBuildPhase section */
		9666119A291A537400A1E7D9 /* Frameworks */ = {
			isa = PBXFrameworksBuildPhase;
			buildActionMask = 2147483647;
			files = (
			);
			runOnlyForDeploymentPostprocessing = 0;
		};
/* End PBXFrameworksBuildPhase section */

/* Begin PBXGroup section */
		96615A8129390C0D00BBA1A9 /* Main */ = {
			isa = PBXGroup;
			children = (
				966611A2291A537400A1E7D9 /* MainView.swift */,
				96615A7B2938F40000BBA1A9 /* ContentView.swift */,
				96615A792938F34C00BBA1A9 /* DetailView.swift */,
				96615A772938F0D500BBA1A9 /* SideBarView.swift */,
			);
			path = Main;
			sourceTree = "<group>";
		};
		96615A8229390C4400BBA1A9 /* BalanceView */ = {
			isa = PBXGroup;
			children = (
				96615A7D293903C700BBA1A9 /* BalanceView.swift */,
				96615A7F2939044000BBA1A9 /* BalanceItemView.swift */,
			);
			path = BalanceView;
			sourceTree = "<group>";
		};
		96615A83293C6D3B00BBA1A9 /* SheetView */ = {
			isa = PBXGroup;
			children = (
				96615A84293C6F3800BBA1A9 /* TransactionDetailSheetView.swift */,
			);
			path = SheetView;
			sourceTree = "<group>";
		};
		96661194291A537400A1E7D9 = {
			isa = PBXGroup;
			children = (
				9666119F291A537400A1E7D9 /* iBank */,
				9666119E291A537400A1E7D9 /* Products */,
			);
			sourceTree = "<group>";
		};
		9666119E291A537400A1E7D9 /* Products */ = {
			isa = PBXGroup;
			children = (
				9666119D291A537400A1E7D9 /* iBank.app */,
			);
			name = Products;
			sourceTree = "<group>";
		};
		9666119F291A537400A1E7D9 /* iBank */ = {
			isa = PBXGroup;
			children = (
				966611A0291A537400A1E7D9 /* iBankApp.swift */,
				966611D0291ACA4100A1E7D9 /* Model */,
				966611D1291ACA6400A1E7D9 /* View */,
				966611A4291A537500A1E7D9 /* Assets.xcassets */,
				966611AE291A537500A1E7D9 /* iBank.entitlements */,
				96FA85AC292BCA8A00C0A72F /* Localizable.strings */,
				96C62D7A292B7E14001578D2 /* Constants.swift */,
				96C62D59292B58F7001578D2 /* Extension */,
				966611A6291A537500A1E7D9 /* Preview Content */,
			);
			path = iBank;
			sourceTree = "<group>";
		};
		966611A6291A537500A1E7D9 /* Preview Content */ = {
			isa = PBXGroup;
			children = (
				966611A7291A537500A1E7D9 /* Preview Assets.xcassets */,
			);
			path = "Preview Content";
			sourceTree = "<group>";
		};
		966611CE291ACA1100A1E7D9 /* ListView */ = {
			isa = PBXGroup;
			children = (
				966611B6291A5A5100A1E7D9 /* AccountListingView.swift */,
				966611BE291ABCDA00A1E7D9 /* CategoryListingView.swift */,
				966611C4291AC44600A1E7D9 /* ThirdListingView.swift */,
				966611C6291AC45400A1E7D9 /* ProjectListingView.swift */,
				96A26F81291D3BCC00943F12 /* AccountTransactionsListingView.swift */,
			);
			path = ListView;
			sourceTree = "<group>";
		};
		966611CF291ACA1F00A1E7D9 /* DetailView */ = {
			isa = PBXGroup;
			children = (
				966611BA291A5AF400A1E7D9 /* AccountDetailView.swift */,
				966611C8291AC60100A1E7D9 /* CategoryDetailView.swift */,
				966611CA291AC71100A1E7D9 /* ThirdDetailView.swift */,
				966611CC291AC7BF00A1E7D9 /* ProjectDetailView.swift */,
				96C62D7C292B9384001578D2 /* TransactionDetailView.swift */,
			);
			path = DetailView;
			sourceTree = "<group>";
		};
		966611D0291ACA4100A1E7D9 /* Model */ = {
			isa = PBXGroup;
			children = (
				966611AB291A537500A1E7D9 /* iBank.xcdatamodeld */,
				96FA85AE292BD8EE00C0A72F /* TransactionStatus.swift */,
				966611B8291A5A6200A1E7D9 /* Account-CoreDataHelpers.swift */,
				966611BC291A799C00A1E7D9 /* Category-CoreDataHelpers.swift */,
				966611C2291AC3E100A1E7D9 /* Project-CoreDataHelper.swift */,
				966611C0291AC3CD00A1E7D9 /* Third-CoreDataHelpers.swift */,
				96679D7F291D115C005DC61A /* Transaction-CoreDataHelper.swift */,
				966611B4291A5A1D00A1E7D9 /* DataController.swift */,
			);
			path = Model;
			sourceTree = "<group>";
		};
		966611D1291ACA6400A1E7D9 /* View */ = {
			isa = PBXGroup;
			children = (
				96615A83293C6D3B00BBA1A9 /* SheetView */,
				96615A8129390C0D00BBA1A9 /* Main */,
				96615A8229390C4400BBA1A9 /* BalanceView */,
				966611CE291ACA1100A1E7D9 /* ListView */,
				966611CF291ACA1F00A1E7D9 /* DetailView */,
			);
			path = View;
			sourceTree = "<group>";
		};
		96C62D59292B58F7001578D2 /* Extension */ = {
			isa = PBXGroup;
			children = (
				96CE3A25292B4A0400A9E459 /* ColorFromHex-Extension.swift */,
				96C62D57292B55CF001578D2 /* ColorToHexString-Extension.swift */,
			);
			path = Extension;
			sourceTree = "<group>";
		};
/* End PBXGroup section */

/* Begin PBXNativeTarget section */
		9666119C291A537400A1E7D9 /* iBank */ = {
			isa = PBXNativeTarget;
			buildConfigurationList = 966611B1291A537500A1E7D9 /* Build configuration list for PBXNativeTarget "iBank" */;
			buildPhases = (
				96661199291A537400A1E7D9 /* Sources */,
				9666119A291A537400A1E7D9 /* Frameworks */,
				9666119B291A537400A1E7D9 /* Resources */,
			);
			buildRules = (
			);
			dependencies = (
			);
			name = iBank;
			productName = iBank;
			productReference = 9666119D291A537400A1E7D9 /* iBank.app */;
			productType = "com.apple.product-type.application";
		};
/* End PBXNativeTarget section */

/* Begin PBXProject section */
		96661195291A537400A1E7D9 /* Project object */ = {
			isa = PBXProject;
			attributes = {
				BuildIndependentTargetsInParallel = 1;
				LastSwiftUpdateCheck = 1410;
				LastUpgradeCheck = 1410;
				TargetAttributes = {
					9666119C291A537400A1E7D9 = {
						CreatedOnToolsVersion = 14.1;
					};
				};
			};
			buildConfigurationList = 96661198291A537400A1E7D9 /* Build configuration list for PBXProject "iBank" */;
			compatibilityVersion = "Xcode 14.0";
			developmentRegion = en;
			hasScannedForEncodings = 0;
			knownRegions = (
				en,
				Base,
				fr,
			);
			mainGroup = 96661194291A537400A1E7D9;
			productRefGroup = 9666119E291A537400A1E7D9 /* Products */;
			projectDirPath = "";
			projectRoot = "";
			targets = (
				9666119C291A537400A1E7D9 /* iBank */,
			);
		};
/* End PBXProject section */

/* Begin PBXResourcesBuildPhase section */
		9666119B291A537400A1E7D9 /* Resources */ = {
			isa = PBXResourcesBuildPhase;
			buildActionMask = 2147483647;
			files = (
				966611A8291A537500A1E7D9 /* Preview Assets.xcassets in Resources */,
				96FA85AA292BCA8A00C0A72F /* Localizable.strings in Resources */,
				966611A5291A537500A1E7D9 /* Assets.xcassets in Resources */,
			);
			runOnlyForDeploymentPostprocessing = 0;
		};
/* End PBXResourcesBuildPhase section */

/* Begin PBXSourcesBuildPhase section */
		96661199291A537400A1E7D9 /* Sources */ = {
			isa = PBXSourcesBuildPhase;
			buildActionMask = 2147483647;
			files = (
				966611C1291AC3CD00A1E7D9 /* Third-CoreDataHelpers.swift in Sources */,
				96CE3A26292B4A0400A9E459 /* ColorFromHex-Extension.swift in Sources */,
				966611C7291AC45400A1E7D9 /* ProjectListingView.swift in Sources */,
				966611C3291AC3E100A1E7D9 /* Project-CoreDataHelper.swift in Sources */,
				966611B5291A5A1D00A1E7D9 /* DataController.swift in Sources */,
				966611A3291A537400A1E7D9 /* MainView.swift in Sources */,
				966611C9291AC60100A1E7D9 /* CategoryDetailView.swift in Sources */,
				966611A1291A537400A1E7D9 /* iBankApp.swift in Sources */,
				96615A7A2938F34C00BBA1A9 /* DetailView.swift in Sources */,
				966611CD291AC7BF00A1E7D9 /* ProjectDetailView.swift in Sources */,
				96615A7C2938F40000BBA1A9 /* ContentView.swift in Sources */,
				966611C5291AC44600A1E7D9 /* ThirdListingView.swift in Sources */,
				96615A802939044000BBA1A9 /* BalanceItemView.swift in Sources */,
				966611BB291A5AF400A1E7D9 /* AccountDetailView.swift in Sources */,
				96C62D7B292B7E14001578D2 /* Constants.swift in Sources */,
				96C62D7D292B9384001578D2 /* TransactionDetailView.swift in Sources */,
				966611BF291ABCDA00A1E7D9 /* CategoryListingView.swift in Sources */,
				966611CB291AC71100A1E7D9 /* ThirdDetailView.swift in Sources */,
				966611BD291A799C00A1E7D9 /* Category-CoreDataHelpers.swift in Sources */,
				96615A85293C6F3800BBA1A9 /* TransactionDetailSheetView.swift in Sources */,
				96C62D58292B55CF001578D2 /* ColorToHexString-Extension.swift in Sources */,
				96615A782938F0D500BBA1A9 /* SideBarView.swift in Sources */,
				966611B9291A5A6200A1E7D9 /* Account-CoreDataHelpers.swift in Sources */,
				96679D80291D115C005DC61A /* Transaction-CoreDataHelper.swift in Sources */,
				966611AD291A537500A1E7D9 /* iBank.xcdatamodeld in Sources */,
				96A26F82291D3BCC00943F12 /* AccountTransactionsListingView.swift in Sources */,
				96615A7E293903C700BBA1A9 /* BalanceView.swift in Sources */,
				96FA85AF292BD8EE00C0A72F /* TransactionStatus.swift in Sources */,
				966611B7291A5A5200A1E7D9 /* AccountListingView.swift in Sources */,
			);
			runOnlyForDeploymentPostprocessing = 0;
		};
/* End PBXSourcesBuildPhase section */

/* Begin PBXVariantGroup section */
		96FA85AC292BCA8A00C0A72F /* Localizable.strings */ = {
			isa = PBXVariantGroup;
			children = (
				96FA85AB292BCA8A00C0A72F /* en */,
				96FA85AD292BCA9F00C0A72F /* fr */,
			);
			name = Localizable.strings;
			sourceTree = "<group>";
		};
/* End PBXVariantGroup section */

/* Begin XCBuildConfiguration section */
		966611AF291A537500A1E7D9 /* Debug */ = {
			isa = XCBuildConfiguration;
			buildSettings = {
				ALWAYS_SEARCH_USER_PATHS = NO;
				CLANG_ANALYZER_NONNULL = YES;
				CLANG_ANALYZER_NUMBER_OBJECT_CONVERSION = YES_AGGRESSIVE;
				CLANG_CXX_LANGUAGE_STANDARD = "gnu++20";
				CLANG_ENABLE_MODULES = YES;
				CLANG_ENABLE_OBJC_ARC = YES;
				CLANG_ENABLE_OBJC_WEAK = YES;
				CLANG_WARN_BLOCK_CAPTURE_AUTORELEASING = YES;
				CLANG_WARN_BOOL_CONVERSION = YES;
				CLANG_WARN_COMMA = YES;
				CLANG_WARN_CONSTANT_CONVERSION = YES;
				CLANG_WARN_DEPRECATED_OBJC_IMPLEMENTATIONS = YES;
				CLANG_WARN_DIRECT_OBJC_ISA_USAGE = YES_ERROR;
				CLANG_WARN_DOCUMENTATION_COMMENTS = YES;
				CLANG_WARN_EMPTY_BODY = YES;
				CLANG_WARN_ENUM_CONVERSION = YES;
				CLANG_WARN_INFINITE_RECURSION = YES;
				CLANG_WARN_INT_CONVERSION = YES;
				CLANG_WARN_NON_LITERAL_NULL_CONVERSION = YES;
				CLANG_WARN_OBJC_IMPLICIT_RETAIN_SELF = YES;
				CLANG_WARN_OBJC_LITERAL_CONVERSION = YES;
				CLANG_WARN_OBJC_ROOT_CLASS = YES_ERROR;
				CLANG_WARN_QUOTED_INCLUDE_IN_FRAMEWORK_HEADER = YES;
				CLANG_WARN_RANGE_LOOP_ANALYSIS = YES;
				CLANG_WARN_STRICT_PROTOTYPES = YES;
				CLANG_WARN_SUSPICIOUS_MOVE = YES;
				CLANG_WARN_UNGUARDED_AVAILABILITY = YES_AGGRESSIVE;
				CLANG_WARN_UNREACHABLE_CODE = YES;
				CLANG_WARN__DUPLICATE_METHOD_MATCH = YES;
				COPY_PHASE_STRIP = NO;
				DEBUG_INFORMATION_FORMAT = dwarf;
				ENABLE_STRICT_OBJC_MSGSEND = YES;
				ENABLE_TESTABILITY = YES;
				GCC_C_LANGUAGE_STANDARD = gnu11;
				GCC_DYNAMIC_NO_PIC = NO;
				GCC_NO_COMMON_BLOCKS = YES;
				GCC_OPTIMIZATION_LEVEL = 0;
				GCC_PREPROCESSOR_DEFINITIONS = (
					"DEBUG=1",
					"$(inherited)",
				);
				GCC_WARN_64_TO_32_BIT_CONVERSION = YES;
				GCC_WARN_ABOUT_RETURN_TYPE = YES_ERROR;
				GCC_WARN_UNDECLARED_SELECTOR = YES;
				GCC_WARN_UNINITIALIZED_AUTOS = YES_AGGRESSIVE;
				GCC_WARN_UNUSED_FUNCTION = YES;
				GCC_WARN_UNUSED_VARIABLE = YES;
				MACOSX_DEPLOYMENT_TARGET = 13.0;
				MTL_ENABLE_DEBUG_INFO = INCLUDE_SOURCE;
				MTL_FAST_MATH = YES;
				ONLY_ACTIVE_ARCH = YES;
				SDKROOT = macosx;
				SWIFT_ACTIVE_COMPILATION_CONDITIONS = DEBUG;
				SWIFT_OPTIMIZATION_LEVEL = "-Onone";
			};
			name = Debug;
		};
		966611B0291A537500A1E7D9 /* Release */ = {
			isa = XCBuildConfiguration;
			buildSettings = {
				ALWAYS_SEARCH_USER_PATHS = NO;
				CLANG_ANALYZER_NONNULL = YES;
				CLANG_ANALYZER_NUMBER_OBJECT_CONVERSION = YES_AGGRESSIVE;
				CLANG_CXX_LANGUAGE_STANDARD = "gnu++20";
				CLANG_ENABLE_MODULES = YES;
				CLANG_ENABLE_OBJC_ARC = YES;
				CLANG_ENABLE_OBJC_WEAK = YES;
				CLANG_WARN_BLOCK_CAPTURE_AUTORELEASING = YES;
				CLANG_WARN_BOOL_CONVERSION = YES;
				CLANG_WARN_COMMA = YES;
				CLANG_WARN_CONSTANT_CONVERSION = YES;
				CLANG_WARN_DEPRECATED_OBJC_IMPLEMENTATIONS = YES;
				CLANG_WARN_DIRECT_OBJC_ISA_USAGE = YES_ERROR;
				CLANG_WARN_DOCUMENTATION_COMMENTS = YES;
				CLANG_WARN_EMPTY_BODY = YES;
				CLANG_WARN_ENUM_CONVERSION = YES;
				CLANG_WARN_INFINITE_RECURSION = YES;
				CLANG_WARN_INT_CONVERSION = YES;
				CLANG_WARN_NON_LITERAL_NULL_CONVERSION = YES;
				CLANG_WARN_OBJC_IMPLICIT_RETAIN_SELF = YES;
				CLANG_WARN_OBJC_LITERAL_CONVERSION = YES;
				CLANG_WARN_OBJC_ROOT_CLASS = YES_ERROR;
				CLANG_WARN_QUOTED_INCLUDE_IN_FRAMEWORK_HEADER = YES;
				CLANG_WARN_RANGE_LOOP_ANALYSIS = YES;
				CLANG_WARN_STRICT_PROTOTYPES = YES;
				CLANG_WARN_SUSPICIOUS_MOVE = YES;
				CLANG_WARN_UNGUARDED_AVAILABILITY = YES_AGGRESSIVE;
				CLANG_WARN_UNREACHABLE_CODE = YES;
				CLANG_WARN__DUPLICATE_METHOD_MATCH = YES;
				COPY_PHASE_STRIP = NO;
				DEBUG_INFORMATION_FORMAT = "dwarf-with-dsym";
				ENABLE_NS_ASSERTIONS = NO;
				ENABLE_STRICT_OBJC_MSGSEND = YES;
				GCC_C_LANGUAGE_STANDARD = gnu11;
				GCC_NO_COMMON_BLOCKS = YES;
				GCC_WARN_64_TO_32_BIT_CONVERSION = YES;
				GCC_WARN_ABOUT_RETURN_TYPE = YES_ERROR;
				GCC_WARN_UNDECLARED_SELECTOR = YES;
				GCC_WARN_UNINITIALIZED_AUTOS = YES_AGGRESSIVE;
				GCC_WARN_UNUSED_FUNCTION = YES;
				GCC_WARN_UNUSED_VARIABLE = YES;
				MACOSX_DEPLOYMENT_TARGET = 13.0;
				MTL_ENABLE_DEBUG_INFO = NO;
				MTL_FAST_MATH = YES;
				SDKROOT = macosx;
				SWIFT_COMPILATION_MODE = wholemodule;
				SWIFT_OPTIMIZATION_LEVEL = "-O";
			};
			name = Release;
		};
		966611B2291A537500A1E7D9 /* Debug */ = {
			isa = XCBuildConfiguration;
			buildSettings = {
				ASSETCATALOG_COMPILER_APPICON_NAME = AppIcon;
				ASSETCATALOG_COMPILER_GLOBAL_ACCENT_COLOR_NAME = AccentColor;
				CODE_SIGN_ENTITLEMENTS = iBank/iBank.entitlements;
				CODE_SIGN_STYLE = Automatic;
				COMBINE_HIDPI_IMAGES = YES;
				CURRENT_PROJECT_VERSION = 1;
				DEVELOPMENT_ASSET_PATHS = "\"iBank/Preview Content\"";
				DEVELOPMENT_TEAM = 4Y98QPSCBL;
				ENABLE_HARDENED_RUNTIME = YES;
				ENABLE_PREVIEWS = YES;
				GENERATE_INFOPLIST_FILE = YES;
				INFOPLIST_KEY_NSHumanReadableCopyright = "Sébastien REY, MonkeyDev 2022";
				LD_RUNPATH_SEARCH_PATHS = (
					"$(inherited)",
					"@executable_path/../Frameworks",
				);
				MACOSX_DEPLOYMENT_TARGET = 13.0;
				MARKETING_VERSION = 1.0;
				PRODUCT_BUNDLE_IDENTIFIER = fr.monkeydev.iBank;
				PRODUCT_NAME = "$(TARGET_NAME)";
				SWIFT_EMIT_LOC_STRINGS = YES;
				SWIFT_VERSION = 5.0;
			};
			name = Debug;
		};
		966611B3291A537500A1E7D9 /* Release */ = {
			isa = XCBuildConfiguration;
			buildSettings = {
				ASSETCATALOG_COMPILER_APPICON_NAME = AppIcon;
				ASSETCATALOG_COMPILER_GLOBAL_ACCENT_COLOR_NAME = AccentColor;
				CODE_SIGN_ENTITLEMENTS = iBank/iBank.entitlements;
				CODE_SIGN_STYLE = Automatic;
				COMBINE_HIDPI_IMAGES = YES;
				CURRENT_PROJECT_VERSION = 1;
				DEVELOPMENT_ASSET_PATHS = "\"iBank/Preview Content\"";
				DEVELOPMENT_TEAM = 4Y98QPSCBL;
				ENABLE_HARDENED_RUNTIME = YES;
				ENABLE_PREVIEWS = YES;
				GENERATE_INFOPLIST_FILE = YES;
				INFOPLIST_KEY_NSHumanReadableCopyright = "Sébastien REY, MonkeyDev 2022";
				LD_RUNPATH_SEARCH_PATHS = (
					"$(inherited)",
					"@executable_path/../Frameworks",
				);
				MACOSX_DEPLOYMENT_TARGET = 13.0;
				MARKETING_VERSION = 1.0;
				PRODUCT_BUNDLE_IDENTIFIER = fr.monkeydev.iBank;
				PRODUCT_NAME = "$(TARGET_NAME)";
				SWIFT_EMIT_LOC_STRINGS = YES;
				SWIFT_VERSION = 5.0;
			};
			name = Release;
		};
/* End XCBuildConfiguration section */

/* Begin XCConfigurationList section */
		96661198291A537400A1E7D9 /* Build configuration list for PBXProject "iBank" */ = {
			isa = XCConfigurationList;
			buildConfigurations = (
				966611AF291A537500A1E7D9 /* Debug */,
				966611B0291A537500A1E7D9 /* Release */,
			);
			defaultConfigurationIsVisible = 0;
			defaultConfigurationName = Release;
		};
		966611B1291A537500A1E7D9 /* Build configuration list for PBXNativeTarget "iBank" */ = {
			isa = XCConfigurationList;
			buildConfigurations = (
				966611B2291A537500A1E7D9 /* Debug */,
				966611B3291A537500A1E7D9 /* Release */,
			);
			defaultConfigurationIsVisible = 0;
			defaultConfigurationName = Release;
		};
/* End XCConfigurationList section */

/* Begin XCVersionGroup section */
		966611AB291A537500A1E7D9 /* iBank.xcdatamodeld */ = {
			isa = XCVersionGroup;
			children = (
				966611AC291A537500A1E7D9 /* iBank.xcdatamodel */,
			);
			currentVersion = 966611AC291A537500A1E7D9 /* iBank.xcdatamodel */;
			path = iBank.xcdatamodeld;
			sourceTree = "<group>";
			versionGroupType = wrapper.xcdatamodel;
		};
/* End XCVersionGroup section */
	};
	rootObject = 96661195291A537400A1E7D9 /* Project object */;
}
